
Microsoft Visual Studio Solution File, Format Version 12.00
# Visual Studio 15
VisualStudioVersion = 15.0.28010.2048
MinimumVisualStudioVersion = 10.0.40219.1
Project("{FAE04EC0-301F-11D3-BF4B-00C04F79EFBC}") = "Prototype Pattern", "Prototype Pattern\Prototype Pattern.csproj", "{72C9AB65-5616-4F58-A4F2-0B273FF98557}"
EndProject
Global
	GlobalSection(SolutionConfigurationPlatforms) = preSolution
		Debug|Any CPU = Debug|Any CPU
		Release|Any CPU = Release|Any CPU
	EndGlobalSection
	GlobalSection(ProjectConfigurationPlatforms) = postSolution
		{72C9AB65-5616-4F58-A4F2-0B273FF98557}.Debug|Any CPU.ActiveCfg = Debug|Any CPU
		{72C9AB65-5616-4F58-A4F2-0B273FF98557}.Debug|Any CPU.Build.0 = Debug|Any CPU
		{72C9AB65-5616-4F58-A4F2-0B273FF98557}.Release|Any CPU.ActiveCfg = Release|Any CPU
		{72C9AB65-5616-4F58-A4F2-0B273FF98557}.Release|Any CPU.Build.0 = Release|Any CPU
	EndGlobalSection
	GlobalSection(SolutionProperties) = preSolution
		HideSolutionNode = FALSE
	EndGlobalSection
	GlobalSection(ExtensibilityGlobals) = postSolution
		SolutionGuid = {A6858233-6335-4104-B9D8-250F9DFBCC9E}
	EndGlobalSection
EndGlobal
